
Microsoft Visual Studio Solution File, Format Version 12.00
# Visual Studio Version 17
VisualStudioVersion = 17.4.33403.182
MinimumVisualStudioVersion = 10.0.40219.1
Project("{9A19103F-16F7-4668-BE54-9A1E7A4F7556}") = "finalProject.API", "finalProject.API\finalProject.API.csproj", "{77480631-47C1-40AB-BE39-D02BB00057DE}"
EndProject
Project("{9A19103F-16F7-4668-BE54-9A1E7A4F7556}") = "finalProject.Entities", "finalProject.Entities\finalProject.Entities.csproj", "{B58217CD-1106-46A2-B505-BBC66739C766}"
EndProject
Project("{9A19103F-16F7-4668-BE54-9A1E7A4F7556}") = "finalProject.Common", "finalProject.Common\finalProject.Common.csproj", "{DEA8282F-7DFD-448C-A521-2E0EB3C817BD}"
EndProject
Project("{9A19103F-16F7-4668-BE54-9A1E7A4F7556}") = "finalProject.Business", "finalProject.Business\finalProject.Business.csproj", "{5117C0E8-091B-4AD0-B19C-DE24C19333C5}"
EndProject
Project("{FAE04EC0-301F-11D3-BF4B-00C04F79EFBC}") = "finalProject.DataAccess", "finalProject.DataAccess\finalProject.DataAccess.csproj", "{91769532-4144-4DBD-8AAA-984C720997EB}"
EndProject
Global
	GlobalSection(SolutionConfigurationPlatforms) = preSolution
		Debug|Any CPU = Debug|Any CPU
		Release|Any CPU = Release|Any CPU
	EndGlobalSection
	GlobalSection(ProjectConfigurationPlatforms) = postSolution
		{77480631-47C1-40AB-BE39-D02BB00057DE}.Debug|Any CPU.ActiveCfg = Debug|Any CPU
		{77480631-47C1-40AB-BE39-D02BB00057DE}.Debug|Any CPU.Build.0 = Debug|Any CPU
		{77480631-47C1-40AB-BE39-D02BB00057DE}.Release|Any CPU.ActiveCfg = Release|Any CPU
		{77480631-47C1-40AB-BE39-D02BB00057DE}.Release|Any CPU.Build.0 = Release|Any CPU
		{B58217CD-1106-46A2-B505-BBC66739C766}.Debug|Any CPU.ActiveCfg = Debug|Any CPU
		{B58217CD-1106-46A2-B505-BBC66739C766}.Debug|Any CPU.Build.0 = Debug|Any CPU
		{B58217CD-1106-46A2-B505-BBC66739C766}.Release|Any CPU.ActiveCfg = Release|Any CPU
		{B58217CD-1106-46A2-B505-BBC66739C766}.Release|Any CPU.Build.0 = Release|Any CPU
		{DEA8282F-7DFD-448C-A521-2E0EB3C817BD}.Debug|Any CPU.ActiveCfg = Debug|Any CPU
		{DEA8282F-7DFD-448C-A521-2E0EB3C817BD}.Debug|Any CPU.Build.0 = Debug|Any CPU
		{DEA8282F-7DFD-448C-A521-2E0EB3C817BD}.Release|Any CPU.ActiveCfg = Release|Any CPU
		{DEA8282F-7DFD-448C-A521-2E0EB3C817BD}.Release|Any CPU.Build.0 = Release|Any CPU
		{5117C0E8-091B-4AD0-B19C-DE24C19333C5}.Debug|Any CPU.ActiveCfg = Debug|Any CPU
		{5117C0E8-091B-4AD0-B19C-DE24C19333C5}.Debug|Any CPU.Build.0 = Debug|Any CPU
		{5117C0E8-091B-4AD0-B19C-DE24C19333C5}.Release|Any CPU.ActiveCfg = Release|Any CPU
		{5117C0E8-091B-4AD0-B19C-DE24C19333C5}.Release|Any CPU.Build.0 = Release|Any CPU
		{91769532-4144-4DBD-8AAA-984C720997EB}.Debug|Any CPU.ActiveCfg = Debug|Any CPU
		{91769532-4144-4DBD-8AAA-984C720997EB}.Debug|Any CPU.Build.0 = Debug|Any CPU
		{91769532-4144-4DBD-8AAA-984C720997EB}.Release|Any CPU.ActiveCfg = Release|Any CPU
		{91769532-4144-4DBD-8AAA-984C720997EB}.Release|Any CPU.Build.0 = Release|Any CPU
	EndGlobalSection
	GlobalSection(SolutionProperties) = preSolution
		HideSolutionNode = FALSE
	EndGlobalSection
	GlobalSection(ExtensibilityGlobals) = postSolution
		SolutionGuid = {2ADB4379-A3FB-4EEE-8CF6-37859CFCA61B}
	EndGlobalSection
EndGlobal
